
Microsoft Visual Studio Solution File, Format Version 12.00
# Visual Studio Version 17
VisualStudioVersion = 17.4.33213.308
MinimumVisualStudioVersion = 10.0.40219.1
Project("{9A19103F-16F7-4668-BE54-9A1E7A4F7556}") = "AvtokovchegApp", "Avtokovcheg\AvtokovchegApp.csproj", "{263EE4BA-3B88-4B0C-97E3-96BA80AD4E63}"
	ProjectSection(ProjectDependencies) = postProject
		{A49085B0-753F-4A0D-8D89-6C2C54D20300} = {A49085B0-753F-4A0D-8D89-6C2C54D20300}
		{B235BE4F-8B8F-4DFC-BC57-AC94AF7A3DC0} = {B235BE4F-8B8F-4DFC-BC57-AC94AF7A3DC0}
	EndProjectSection
EndProject
Project("{2150E333-8FDC-42A3-9474-1A3956D46DE8}") = "Domain", "Domain", "{21D5CC4E-8B87-4C62-854D-7EF0C5367F40}"
EndProject
Project("{9A19103F-16F7-4668-BE54-9A1E7A4F7556}") = "AvtokovchegApp.Domain.Core", "AvtokovchegApp.Domain\AvtokovchegApp.Domain.Core.csproj", "{28F70982-3BD4-4DE8-AAAA-25C3CC4DF360}"
EndProject
Project("{2150E333-8FDC-42A3-9474-1A3956D46DE8}") = "Services", "Services", "{F94BA8BA-EDF7-44A0-954C-572BE0C2241C}"
EndProject
Project("{2150E333-8FDC-42A3-9474-1A3956D46DE8}") = "Infrastructure", "Infrastructure", "{C0F32A5E-DB88-4E8B-999B-E6F817B0BC50}"
EndProject
Project("{9A19103F-16F7-4668-BE54-9A1E7A4F7556}") = "AvtokovchegApp.Infrastructure.Data", "AvtokovchegApp.Infrastructure.Data\AvtokovchegApp.Infrastructure.Data.csproj", "{A49085B0-753F-4A0D-8D89-6C2C54D20300}"
	ProjectSection(ProjectDependencies) = postProject
		{28F70982-3BD4-4DE8-AAAA-25C3CC4DF360} = {28F70982-3BD4-4DE8-AAAA-25C3CC4DF360}
	EndProjectSection
EndProject
Project("{9A19103F-16F7-4668-BE54-9A1E7A4F7556}") = "AvtokovchegApp.Infrastructure.Business", "AvtokovchegApp.Infrastructure.Business\AvtokovchegApp.Infrastructure.Business.csproj", "{B235BE4F-8B8F-4DFC-BC57-AC94AF7A3DC0}"
EndProject
Project("{9A19103F-16F7-4668-BE54-9A1E7A4F7556}") = "AvtokovchegApp.Services.Interfaces", "AvtokovchegApp.Services.Interfaces\AvtokovchegApp.Services.Interfaces.csproj", "{3CACB83D-9007-408B-8769-054CFBB5D9C6}"
EndProject
Project("{FAE04EC0-301F-11D3-BF4B-00C04F79EFBC}") = "AvtokovchegApp.Services", "AvtokovchegApp.Services\AvtokovchegApp.Services.csproj", "{1DDB968D-A03C-4072-A3B4-857E9262DCBC}"
EndProject
Global
	GlobalSection(SolutionConfigurationPlatforms) = preSolution
		Debug|Any CPU = Debug|Any CPU
		Release|Any CPU = Release|Any CPU
	EndGlobalSection
	GlobalSection(ProjectConfigurationPlatforms) = postSolution
		{263EE4BA-3B88-4B0C-97E3-96BA80AD4E63}.Debug|Any CPU.ActiveCfg = Debug|Any CPU
		{263EE4BA-3B88-4B0C-97E3-96BA80AD4E63}.Debug|Any CPU.Build.0 = Debug|Any CPU
		{263EE4BA-3B88-4B0C-97E3-96BA80AD4E63}.Release|Any CPU.ActiveCfg = Release|Any CPU
		{263EE4BA-3B88-4B0C-97E3-96BA80AD4E63}.Release|Any CPU.Build.0 = Release|Any CPU
		{28F70982-3BD4-4DE8-AAAA-25C3CC4DF360}.Debug|Any CPU.ActiveCfg = Debug|Any CPU
		{28F70982-3BD4-4DE8-AAAA-25C3CC4DF360}.Debug|Any CPU.Build.0 = Debug|Any CPU
		{28F70982-3BD4-4DE8-AAAA-25C3CC4DF360}.Release|Any CPU.ActiveCfg = Release|Any CPU
		{28F70982-3BD4-4DE8-AAAA-25C3CC4DF360}.Release|Any CPU.Build.0 = Release|Any CPU
		{A49085B0-753F-4A0D-8D89-6C2C54D20300}.Debug|Any CPU.ActiveCfg = Debug|Any CPU
		{A49085B0-753F-4A0D-8D89-6C2C54D20300}.Debug|Any CPU.Build.0 = Debug|Any CPU
		{A49085B0-753F-4A0D-8D89-6C2C54D20300}.Release|Any CPU.ActiveCfg = Release|Any CPU
		{A49085B0-753F-4A0D-8D89-6C2C54D20300}.Release|Any CPU.Build.0 = Release|Any CPU
		{B235BE4F-8B8F-4DFC-BC57-AC94AF7A3DC0}.Debug|Any CPU.ActiveCfg = Debug|Any CPU
		{B235BE4F-8B8F-4DFC-BC57-AC94AF7A3DC0}.Debug|Any CPU.Build.0 = Debug|Any CPU
		{B235BE4F-8B8F-4DFC-BC57-AC94AF7A3DC0}.Release|Any CPU.ActiveCfg = Release|Any CPU
		{B235BE4F-8B8F-4DFC-BC57-AC94AF7A3DC0}.Release|Any CPU.Build.0 = Release|Any CPU
		{3CACB83D-9007-408B-8769-054CFBB5D9C6}.Debug|Any CPU.ActiveCfg = Debug|Any CPU
		{3CACB83D-9007-408B-8769-054CFBB5D9C6}.Debug|Any CPU.Build.0 = Debug|Any CPU
		{3CACB83D-9007-408B-8769-054CFBB5D9C6}.Release|Any CPU.ActiveCfg = Release|Any CPU
		{3CACB83D-9007-408B-8769-054CFBB5D9C6}.Release|Any CPU.Build.0 = Release|Any CPU
		{1DDB968D-A03C-4072-A3B4-857E9262DCBC}.Debug|Any CPU.ActiveCfg = Debug|Any CPU
		{1DDB968D-A03C-4072-A3B4-857E9262DCBC}.Debug|Any CPU.Build.0 = Debug|Any CPU
		{1DDB968D-A03C-4072-A3B4-857E9262DCBC}.Release|Any CPU.ActiveCfg = Release|Any CPU
		{1DDB968D-A03C-4072-A3B4-857E9262DCBC}.Release|Any CPU.Build.0 = Release|Any CPU
	EndGlobalSection
	GlobalSection(SolutionProperties) = preSolution
		HideSolutionNode = FALSE
	EndGlobalSection
	GlobalSection(NestedProjects) = preSolution
		{28F70982-3BD4-4DE8-AAAA-25C3CC4DF360} = {21D5CC4E-8B87-4C62-854D-7EF0C5367F40}
		{A49085B0-753F-4A0D-8D89-6C2C54D20300} = {C0F32A5E-DB88-4E8B-999B-E6F817B0BC50}
		{B235BE4F-8B8F-4DFC-BC57-AC94AF7A3DC0} = {C0F32A5E-DB88-4E8B-999B-E6F817B0BC50}
		{3CACB83D-9007-408B-8769-054CFBB5D9C6} = {F94BA8BA-EDF7-44A0-954C-572BE0C2241C}
		{1DDB968D-A03C-4072-A3B4-857E9262DCBC} = {F94BA8BA-EDF7-44A0-954C-572BE0C2241C}
	EndGlobalSection
	GlobalSection(ExtensibilityGlobals) = postSolution
		SolutionGuid = {15DB54FC-2FFE-4D53-A7B4-7B5E212940DB}
	EndGlobalSection
EndGlobal
